// !$*UTF8*$!
{
	archiveVersion = 1;
	classes = {
	};
	objectVersion = 46;
	objects = {

/* Begin PBXBuildFile section */
		D5B226ED1D742D2F00DE356B /* AppDelegate.swift in Sources */ = {isa = PBXBuildFile; fileRef = D5B226EC1D742D2F00DE356B /* AppDelegate.swift */; };
		D5B226EF1D742D2F00DE356B /* Assets.xcassets in Resources */ = {isa = PBXBuildFile; fileRef = D5B226EE1D742D2F00DE356B /* Assets.xcassets */; };
		D5B226F21D742D2F00DE356B /* MainMenu.xib in Resources */ = {isa = PBXBuildFile; fileRef = D5B226F01D742D2F00DE356B /* MainMenu.xib */; };
		D5B226FC1D7431BB00DE356B /* SimpleTask.swift in Sources */ = {isa = PBXBuildFile; fileRef = D5B226FB1D7431BB00DE356B /* SimpleTask.swift */; };
/* End PBXBuildFile section */

/* Begin PBXFileReference section */
		D5B226E91D742D2F00DE356B /* DevKitLaunch.app */ = {isa = PBXFileReference; explicitFileType = wrapper.application; includeInIndex = 0; path = DevKitLaunch.app; sourceTree = BUILT_PRODUCTS_DIR; };
		D5B226EC1D742D2F00DE356B /* AppDelegate.swift */ = {isa = PBXFileReference; lastKnownFileType = sourcecode.swift; path = AppDelegate.swift; sourceTree = "<group>"; };
		D5B226EE1D742D2F00DE356B /* Assets.xcassets */ = {isa = PBXFileReference; lastKnownFileType = folder.assetcatalog; path = Assets.xcassets; sourceTree = "<group>"; };
		D5B226F11D742D2F00DE356B /* Base */ = {isa = PBXFileReference; lastKnownFileType = file.xib; name = Base; path = Base.lproj/MainMenu.xib; sourceTree = "<group>"; };
		D5B226F31D742D2F00DE356B /* Info.plist */ = {isa = PBXFileReference; lastKnownFileType = text.plist.xml; path = Info.plist; sourceTree = "<group>"; };
		D5B226FB1D7431BB00DE356B /* SimpleTask.swift */ = {isa = PBXFileReference; fileEncoding = 4; lastKnownFileType = sourcecode.swift; path = SimpleTask.swift; sourceTree = "<group>"; };
/* End PBXFileReference section */

/* Begin PBXFrameworksBuildPhase section */
		D5B226E61D742D2F00DE356B /* Frameworks */ = {
			isa = PBXFrameworksBuildPhase;
			buildActionMask = 2147483647;
			files = (
			);
			runOnlyForDeploymentPostprocessing = 0;
		};
/* End PBXFrameworksBuildPhase section */

/* Begin PBXGroup section */
		D5B226E01D742D2F00DE356B = {
			isa = PBXGroup;
			children = (
				D5B226EB1D742D2F00DE356B /* DevKitLaunch */,
				D5B226EA1D742D2F00DE356B /* Products */,
			);
			sourceTree = "<group>";
		};
		D5B226EA1D742D2F00DE356B /* Products */ = {
			isa = PBXGroup;
			children = (
				D5B226E91D742D2F00DE356B /* DevKitLaunch.app */,
			);
			name = Products;
			sourceTree = "<group>";
		};
		D5B226EB1D742D2F00DE356B /* DevKitLaunch */ = {
			isa = PBXGroup;
			children = (
				D5B226EC1D742D2F00DE356B /* AppDelegate.swift */,
				D5B226EE1D742D2F00DE356B /* Assets.xcassets */,
				D5B226F01D742D2F00DE356B /* MainMenu.xib */,
				D5B226F31D742D2F00DE356B /* Info.plist */,
				D5B226FB1D7431BB00DE356B /* SimpleTask.swift */,
			);
			path = DevKitLaunch;
			sourceTree = "<group>";
		};
/* End PBXGroup section */

/* Begin PBXNativeTarget section */
		D5B226E81D742D2F00DE356B /* DevKitLaunch */ = {
			isa = PBXNativeTarget;
			buildConfigurationList = D5B226F61D742D2F00DE356B /* Build configuration list for PBXNativeTarget "DevKitLaunch" */;
			buildPhases = (
				D5B226E51D742D2F00DE356B /* Sources */,
				D5B226E61D742D2F00DE356B /* Frameworks */,
				D5B226E71D742D2F00DE356B /* Resources */,
			);
			buildRules = (
			);
			dependencies = (
			);
			name = DevKitLaunch;
			productName = DevKitLaunch;
			productReference = D5B226E91D742D2F00DE356B /* DevKitLaunch.app */;
			productType = "com.apple.product-type.application";
		};
/* End PBXNativeTarget section */

/* Begin PBXProject section */
		D5B226E11D742D2F00DE356B /* Project object */ = {
			isa = PBXProject;
			attributes = {
				LastSwiftUpdateCheck = 0730;
				LastUpgradeCheck = 0730;
				ORGANIZATIONNAME = "Franck Brun";
				TargetAttributes = {
					D5B226E81D742D2F00DE356B = {
						CreatedOnToolsVersion = 7.3.1;
						DevelopmentTeam = 58S349FGKE;
					};
				};
			};
			buildConfigurationList = D5B226E41D742D2F00DE356B /* Build configuration list for PBXProject "DevKitLaunch" */;
			compatibilityVersion = "Xcode 3.2";
			developmentRegion = English;
			hasScannedForEncodings = 0;
			knownRegions = (
				en,
				Base,
			);
			mainGroup = D5B226E01D742D2F00DE356B;
			productRefGroup = D5B226EA1D742D2F00DE356B /* Products */;
			projectDirPath = "";
			projectRoot = "";
			targets = (
				D5B226E81D742D2F00DE356B /* DevKitLaunch */,
			);
		};
/* End PBXProject section */

/* Begin PBXResourcesBuildPhase section */
		D5B226E71D742D2F00DE356B /* Resources */ = {
			isa = PBXResourcesBuildPhase;
			buildActionMask = 2147483647;
			files = (
				D5B226EF1D742D2F00DE356B /* Assets.xcassets in Resources */,
				D5B226F21D742D2F00DE356B /* MainMenu.xib in Resources */,
			);
			runOnlyForDeploymentPostprocessing = 0;
		};
/* End PBXResourcesBuildPhase section */

/* Begin PBXSourcesBuildPhase section */
		D5B226E51D742D2F00DE356B /* Sources */ = {
			isa = PBXSourcesBuildPhase;
			buildActionMask = 2147483647;
			files = (
				D5B226FC1D7431BB00DE356B /* SimpleTask.swift in Sources */,
				D5B226ED1D742D2F00DE356B /* AppDelegate.swift in Sources */,
			);
			runOnlyForDeploymentPostprocessing = 0;
		};
/* End PBXSourcesBuildPhase section */

/* Begin PBXVariantGroup section */
		D5B226F01D742D2F00DE356B /* MainMenu.xib */ = {
			isa = PBXVariantGroup;
			children = (
				D5B226F11D742D2F00DE356B /* Base */,
			);
			name = MainMenu.xib;
			sourceTree = "<group>";
		};
/* End PBXVariantGroup section */

/* Begin XCBuildConfiguration section */
		D5B226F41D742D2F00DE356B /* Debug */ = {
			isa = XCBuildConfiguration;
			buildSettings = {
				ALWAYS_SEARCH_USER_PATHS = NO;
				CLANG_ANALYZER_NONNULL = YES;
				CLANG_CXX_LANGUAGE_STANDARD = "gnu++0x";
				CLANG_CXX_LIBRARY = "libc++";
				CLANG_ENABLE_MODULES = YES;
				CLANG_ENABLE_OBJC_ARC = YES;
				CLANG_WARN_BOOL_CONVERSION = YES;
				CLANG_WARN_CONSTANT_CONVERSION = YES;
				CLANG_WARN_DIRECT_OBJC_ISA_USAGE = YES_ERROR;
				CLANG_WARN_EMPTY_BODY = YES;
				CLANG_WARN_ENUM_CONVERSION = YES;
				CLANG_WARN_INT_CONVERSION = YES;
				CLANG_WARN_OBJC_ROOT_CLASS = YES_ERROR;
				CLANG_WARN_UNREACHABLE_CODE = YES;
				CLANG_WARN__DUPLICATE_METHOD_MATCH = YES;
				CODE_SIGN_IDENTITY = "-";
				COPY_PHASE_STRIP = NO;
				DEBUG_INFORMATION_FORMAT = dwarf;
				ENABLE_STRICT_OBJC_MSGSEND = YES;
				ENABLE_TESTABILITY = YES;
				GCC_C_LANGUAGE_STANDARD = gnu99;
				GCC_DYNAMIC_NO_PIC = NO;
				GCC_NO_COMMON_BLOCKS = YES;
				GCC_OPTIMIZATION_LEVEL = 0;
				GCC_PREPROCESSOR_DEFINITIONS = (
					"DEBUG=1",
					"$(inherited)",
				);
				GCC_WARN_64_TO_32_BIT_CONVERSION = YES;
				GCC_WARN_ABOUT_RETURN_TYPE = YES_ERROR;
				GCC_WARN_UNDECLARED_SELECTOR = YES;
				GCC_WARN_UNINITIALIZED_AUTOS = YES_AGGRESSIVE;
				GCC_WARN_UNUSED_FUNCTION = YES;
				GCC_WARN_UNUSED_VARIABLE = YES;
				MACOSX_DEPLOYMENT_TARGET = 10.11;
				MTL_ENABLE_DEBUG_INFO = YES;
				ONLY_ACTIVE_ARCH = YES;
				SDKROOT = macosx;
				SWIFT_OPTIMIZATION_LEVEL = "-Onone";
			};
			name = Debug;
		};
		D5B226F51D742D2F00DE356B /* Release */ = {
			isa = XCBuildConfiguration;
			buildSettings = {
				ALWAYS_SEARCH_USER_PATHS = NO;
				CLANG_ANALYZER_NONNULL = YES;
				CLANG_CXX_LANGUAGE_STANDARD = "gnu++0x";
				CLANG_CXX_LIBRARY = "libc++";
				CLANG_ENABLE_MODULES = YES;
				CLANG_ENABLE_OBJC_ARC = YES;
				CLANG_WARN_BOOL_CONVERSION = YES;
				CLANG_WARN_CONSTANT_CONVERSION = YES;
				CLANG_WARN_DIRECT_OBJC_ISA_USAGE = YES_ERROR;
				CLANG_WARN_EMPTY_BODY = YES;
				CLANG_WARN_ENUM_CONVERSION = YES;
				CLANG_WARN_INT_CONVERSION = YES;
				CLANG_WARN_OBJC_ROOT_CLASS = YES_ERROR;
				CLANG_WARN_UNREACHABLE_CODE = YES;
				CLANG_WARN__DUPLICATE_METHOD_MATCH = YES;
				CODE_SIGN_IDENTITY = "-";
				COPY_PHASE_STRIP = NO;
				DEBUG_INFORMATION_FORMAT = "dwarf-with-dsym";
				ENABLE_NS_ASSERTIONS = NO;
				ENABLE_STRICT_OBJC_MSGSEND = YES;
				GCC_C_LANGUAGE_STANDARD = gnu99;
				GCC_NO_COMMON_BLOCKS = YES;
				GCC_WARN_64_TO_32_BIT_CONVERSION = YES;
				GCC_WARN_ABOUT_RETURN_TYPE = YES_ERROR;
				GCC_WARN_UNDECLARED_SELECTOR = YES;
				GCC_WARN_UNINITIALIZED_AUTOS = YES_AGGRESSIVE;
				GCC_WARN_UNUSED_FUNCTION = YES;
				GCC_WARN_UNUSED_VARIABLE = YES;
				MACOSX_DEPLOYMENT_TARGET = 10.11;
				MTL_ENABLE_DEBUG_INFO = NO;
				SDKROOT = macosx;
			};
			name = Release;
		};
		D5B226F71D742D2F00DE356B /* Debug */ = {
			isa = XCBuildConfiguration;
			buildSettings = {
				ASSETCATALOG_COMPILER_APPICON_NAME = AppIcon;
				CODE_SIGN_IDENTITY = "";
				COMBINE_HIDPI_IMAGES = YES;
				CONFIGURATION_BUILD_DIR = "$(BUILD_DIR)/$(CONFIGURATION)$(EFFECTIVE_PLATFORM_NAME)";
				INFOPLIST_FILE = DevKitLaunch/Info.plist;
				LD_RUNPATH_SEARCH_PATHS = "$(inherited) @executable_path/../Frameworks";
				PRODUCT_BUNDLE_IDENTIFIER = com.moxadventu.DevKitLaunch;
				PRODUCT_NAME = "$(TARGET_NAME)";
			};
			name = Debug;
		};
		D5B226F81D742D2F00DE356B /* Release */ = {
			isa = XCBuildConfiguration;
			buildSettings = {
				ASSETCATALOG_COMPILER_APPICON_NAME = AppIcon;
				CODE_SIGN_IDENTITY = "";
				COMBINE_HIDPI_IMAGES = YES;
				INFOPLIST_FILE = DevKitLaunch/Info.plist;
				LD_RUNPATH_SEARCH_PATHS = "$(inherited) @executable_path/../Frameworks";
				PRODUCT_BUNDLE_IDENTIFIER = com.moxadventu.DevKitLaunch;
				PRODUCT_NAME = "$(TARGET_NAME)";
			};
			name = Release;
		};
/* End XCBuildConfiguration section */

/* Begin XCConfigurationList section */
		D5B226E41D742D2F00DE356B /* Build configuration list for PBXProject "DevKitLaunch" */ = {
			isa = XCConfigurationList;
			buildConfigurations = (
				D5B226F41D742D2F00DE356B /* Debug */,
				D5B226F51D742D2F00DE356B /* Release */,
			);
			defaultConfigurationIsVisible = 0;
			defaultConfigurationName = Release;
		};
		D5B226F61D742D2F00DE356B /* Build configuration list for PBXNativeTarget "DevKitLaunch" */ = {
			isa = XCConfigurationList;
			buildConfigurations = (
				D5B226F71D742D2F00DE356B /* Debug */,
				D5B226F81D742D2F00DE356B /* Release */,
			);
			defaultConfigurationIsVisible = 0;
			defaultConfigurationName = Release;
		};
/* End XCConfigurationList section */
	};
	rootObject = D5B226E11D742D2F00DE356B /* Project object */;
}
